// !$*UTF8*$!
{
	archiveVersion = 1;
	classes = {
	};
	objectVersion = 50;
	objects = {

/* Begin PBXBuildFile section */
		6B25B51D240F81F4008B6AB1 /* AppDelegate.swift in Sources */ = {isa = PBXBuildFile; fileRef = 6B25B51C240F81F4008B6AB1 /* AppDelegate.swift */; };
		6B25B51F240F81F4008B6AB1 /* SceneDelegate.swift in Sources */ = {isa = PBXBuildFile; fileRef = 6B25B51E240F81F4008B6AB1 /* SceneDelegate.swift */; };
		6B25B521240F81F4008B6AB1 /* ViewController.swift in Sources */ = {isa = PBXBuildFile; fileRef = 6B25B520240F81F4008B6AB1 /* ViewController.swift */; };
		6B25B524240F81F4008B6AB1 /* Main.storyboard in Resources */ = {isa = PBXBuildFile; fileRef = 6B25B522240F81F4008B6AB1 /* Main.storyboard */; };
		6B25B527240F81F4008B6AB1 /* Chat_APP_AutoLayout.xcdatamodeld in Sources */ = {isa = PBXBuildFile; fileRef = 6B25B525240F81F4008B6AB1 /* Chat_APP_AutoLayout.xcdatamodeld */; };
		6B25B529240F81F6008B6AB1 /* Assets.xcassets in Resources */ = {isa = PBXBuildFile; fileRef = 6B25B528240F81F6008B6AB1 /* Assets.xcassets */; };
		6B25B52C240F81F6008B6AB1 /* LaunchScreen.storyboard in Resources */ = {isa = PBXBuildFile; fileRef = 6B25B52A240F81F6008B6AB1 /* LaunchScreen.storyboard */; };
		6B25B535240F8687008B6AB1 /* MyCell.swift in Sources */ = {isa = PBXBuildFile; fileRef = 6B25B533240F8687008B6AB1 /* MyCell.swift */; };
		6B25B536240F8687008B6AB1 /* MyCell.xib in Resources */ = {isa = PBXBuildFile; fileRef = 6B25B534240F8687008B6AB1 /* MyCell.xib */; };
		6B25B539240F871D008B6AB1 /* myBubble@2x.png in Resources */ = {isa = PBXBuildFile; fileRef = 6B25B537240F871D008B6AB1 /* myBubble@2x.png */; };
		6B25B53A240F871D008B6AB1 /* yourBubble@2x.png in Resources */ = {isa = PBXBuildFile; fileRef = 6B25B538240F871D008B6AB1 /* yourBubble@2x.png */; };
		6B599FBB2410E72500A2558D /* YourCell.swift in Sources */ = {isa = PBXBuildFile; fileRef = 6B599FB92410E72500A2558D /* YourCell.swift */; };
		6B599FBC2410E72500A2558D /* YourCell.xib in Resources */ = {isa = PBXBuildFile; fileRef = 6B599FBA2410E72500A2558D /* YourCell.xib */; };
/* End PBXBuildFile section */

/* Begin PBXFileReference section */
		6B25B519240F81F4008B6AB1 /* Chat APP_AutoLayout.app */ = {isa = PBXFileReference; explicitFileType = wrapper.application; includeInIndex = 0; path = "Chat APP_AutoLayout.app"; sourceTree = BUILT_PRODUCTS_DIR; };
		6B25B51C240F81F4008B6AB1 /* AppDelegate.swift */ = {isa = PBXFileReference; lastKnownFileType = sourcecode.swift; path = AppDelegate.swift; sourceTree = "<group>"; };
		6B25B51E240F81F4008B6AB1 /* SceneDelegate.swift */ = {isa = PBXFileReference; lastKnownFileType = sourcecode.swift; path = SceneDelegate.swift; sourceTree = "<group>"; };
		6B25B520240F81F4008B6AB1 /* ViewController.swift */ = {isa = PBXFileReference; lastKnownFileType = sourcecode.swift; path = ViewController.swift; sourceTree = "<group>"; };
		6B25B523240F81F4008B6AB1 /* Base */ = {isa = PBXFileReference; lastKnownFileType = file.storyboard; name = Base; path = Base.lproj/Main.storyboard; sourceTree = "<group>"; };
		6B25B526240F81F4008B6AB1 /* Chat_APP_AutoLayout.xcdatamodel */ = {isa = PBXFileReference; lastKnownFileType = wrapper.xcdatamodel; path = Chat_APP_AutoLayout.xcdatamodel; sourceTree = "<group>"; };
		6B25B528240F81F6008B6AB1 /* Assets.xcassets */ = {isa = PBXFileReference; lastKnownFileType = folder.assetcatalog; path = Assets.xcassets; sourceTree = "<group>"; };
		6B25B52B240F81F6008B6AB1 /* Base */ = {isa = PBXFileReference; lastKnownFileType = file.storyboard; name = Base; path = Base.lproj/LaunchScreen.storyboard; sourceTree = "<group>"; };
		6B25B52D240F81F6008B6AB1 /* Info.plist */ = {isa = PBXFileReference; lastKnownFileType = text.plist.xml; path = Info.plist; sourceTree = "<group>"; };
		6B25B533240F8687008B6AB1 /* MyCell.swift */ = {isa = PBXFileReference; lastKnownFileType = sourcecode.swift; path = MyCell.swift; sourceTree = "<group>"; };
		6B25B534240F8687008B6AB1 /* MyCell.xib */ = {isa = PBXFileReference; lastKnownFileType = file.xib; path = MyCell.xib; sourceTree = "<group>"; };
		6B25B537240F871D008B6AB1 /* myBubble@2x.png */ = {isa = PBXFileReference; lastKnownFileType = image.png; name = "myBubble@2x.png"; path = "../../../../../Downloads/myBubble@2x.png"; sourceTree = "<group>"; };
		6B25B538240F871D008B6AB1 /* yourBubble@2x.png */ = {isa = PBXFileReference; lastKnownFileType = image.png; name = "yourBubble@2x.png"; path = "../../../../../Downloads/yourBubble@2x.png"; sourceTree = "<group>"; };
		6B599FB92410E72500A2558D /* YourCell.swift */ = {isa = PBXFileReference; lastKnownFileType = sourcecode.swift; path = YourCell.swift; sourceTree = "<group>"; };
		6B599FBA2410E72500A2558D /* YourCell.xib */ = {isa = PBXFileReference; lastKnownFileType = file.xib; path = YourCell.xib; sourceTree = "<group>"; };
/* End PBXFileReference section */

/* Begin PBXFrameworksBuildPhase section */
		6B25B516240F81F4008B6AB1 /* Frameworks */ = {
			isa = PBXFrameworksBuildPhase;
			buildActionMask = 2147483647;
			files = (
			);
			runOnlyForDeploymentPostprocessing = 0;
		};
/* End PBXFrameworksBuildPhase section */

/* Begin PBXGroup section */
		6B25B510240F81F4008B6AB1 = {
			isa = PBXGroup;
			children = (
				6B25B51B240F81F4008B6AB1 /* Chat APP_AutoLayout */,
				6B25B51A240F81F4008B6AB1 /* Products */,
			);
			sourceTree = "<group>";
		};
		6B25B51A240F81F4008B6AB1 /* Products */ = {
			isa = PBXGroup;
			children = (
				6B25B519240F81F4008B6AB1 /* Chat APP_AutoLayout.app */,
			);
			name = Products;
			sourceTree = "<group>";
		};
		6B25B51B240F81F4008B6AB1 /* Chat APP_AutoLayout */ = {
			isa = PBXGroup;
			children = (
				6B25B537240F871D008B6AB1 /* myBubble@2x.png */,
				6B25B538240F871D008B6AB1 /* yourBubble@2x.png */,
				6B25B51C240F81F4008B6AB1 /* AppDelegate.swift */,
				6B25B51E240F81F4008B6AB1 /* SceneDelegate.swift */,
				6B25B520240F81F4008B6AB1 /* ViewController.swift */,
				6B25B522240F81F4008B6AB1 /* Main.storyboard */,
				6B25B533240F8687008B6AB1 /* MyCell.swift */,
				6B25B534240F8687008B6AB1 /* MyCell.xib */,
				6B599FB92410E72500A2558D /* YourCell.swift */,
				6B599FBA2410E72500A2558D /* YourCell.xib */,
				6B25B528240F81F6008B6AB1 /* Assets.xcassets */,
				6B25B52A240F81F6008B6AB1 /* LaunchScreen.storyboard */,
				6B25B52D240F81F6008B6AB1 /* Info.plist */,
				6B25B525240F81F4008B6AB1 /* Chat_APP_AutoLayout.xcdatamodeld */,
			);
			path = "Chat APP_AutoLayout";
			sourceTree = "<group>";
		};
/* End PBXGroup section */

/* Begin PBXNativeTarget section */
		6B25B518240F81F4008B6AB1 /* Chat APP_AutoLayout */ = {
			isa = PBXNativeTarget;
			buildConfigurationList = 6B25B530240F81F6008B6AB1 /* Build configuration list for PBXNativeTarget "Chat APP_AutoLayout" */;
			buildPhases = (
				6B25B515240F81F4008B6AB1 /* Sources */,
				6B25B516240F81F4008B6AB1 /* Frameworks */,
				6B25B517240F81F4008B6AB1 /* Resources */,
			);
			buildRules = (
			);
			dependencies = (
			);
			name = "Chat APP_AutoLayout";
			productName = "Chat APP_AutoLayout";
			productReference = 6B25B519240F81F4008B6AB1 /* Chat APP_AutoLayout.app */;
			productType = "com.apple.product-type.application";
		};
/* End PBXNativeTarget section */

/* Begin PBXProject section */
		6B25B511240F81F4008B6AB1 /* Project object */ = {
			isa = PBXProject;
			attributes = {
				LastSwiftUpdateCheck = 1130;
				LastUpgradeCheck = 1130;
				ORGANIZATIONNAME = "박균호";
				TargetAttributes = {
					6B25B518240F81F4008B6AB1 = {
						CreatedOnToolsVersion = 11.3;
					};
				};
			};
			buildConfigurationList = 6B25B514240F81F4008B6AB1 /* Build configuration list for PBXProject "Chat APP_AutoLayout" */;
			compatibilityVersion = "Xcode 9.3";
			developmentRegion = en;
			hasScannedForEncodings = 0;
			knownRegions = (
				en,
				Base,
			);
			mainGroup = 6B25B510240F81F4008B6AB1;
			productRefGroup = 6B25B51A240F81F4008B6AB1 /* Products */;
			projectDirPath = "";
			projectRoot = "";
			targets = (
				6B25B518240F81F4008B6AB1 /* Chat APP_AutoLayout */,
			);
		};
/* End PBXProject section */

/* Begin PBXResourcesBuildPhase section */
		6B25B517240F81F4008B6AB1 /* Resources */ = {
			isa = PBXResourcesBuildPhase;
			buildActionMask = 2147483647;
			files = (
				6B25B52C240F81F6008B6AB1 /* LaunchScreen.storyboard in Resources */,
				6B25B536240F8687008B6AB1 /* MyCell.xib in Resources */,
				6B25B529240F81F6008B6AB1 /* Assets.xcassets in Resources */,
				6B25B53A240F871D008B6AB1 /* yourBubble@2x.png in Resources */,
				6B25B539240F871D008B6AB1 /* myBubble@2x.png in Resources */,
				6B599FBC2410E72500A2558D /* YourCell.xib in Resources */,
				6B25B524240F81F4008B6AB1 /* Main.storyboard in Resources */,
			);
			runOnlyForDeploymentPostprocessing = 0;
		};
/* End PBXResourcesBuildPhase section */

/* Begin PBXSourcesBuildPhase section */
		6B25B515240F81F4008B6AB1 /* Sources */ = {
			isa = PBXSourcesBuildPhase;
			buildActionMask = 2147483647;
			files = (
				6B25B527240F81F4008B6AB1 /* Chat_APP_AutoLayout.xcdatamodeld in Sources */,
				6B25B535240F8687008B6AB1 /* MyCell.swift in Sources */,
				6B25B521240F81F4008B6AB1 /* ViewController.swift in Sources */,
				6B25B51D240F81F4008B6AB1 /* AppDelegate.swift in Sources */,
				6B599FBB2410E72500A2558D /* YourCell.swift in Sources */,
				6B25B51F240F81F4008B6AB1 /* SceneDelegate.swift in Sources */,
			);
			runOnlyForDeploymentPostprocessing = 0;
		};
/* End PBXSourcesBuildPhase section */

/* Begin PBXVariantGroup section */
		6B25B522240F81F4008B6AB1 /* Main.storyboard */ = {
			isa = PBXVariantGroup;
			children = (
				6B25B523240F81F4008B6AB1 /* Base */,
			);
			name = Main.storyboard;
			sourceTree = "<group>";
		};
		6B25B52A240F81F6008B6AB1 /* LaunchScreen.storyboard */ = {
			isa = PBXVariantGroup;
			children = (
				6B25B52B240F81F6008B6AB1 /* Base */,
			);
			name = LaunchScreen.storyboard;
			sourceTree = "<group>";
		};
/* End PBXVariantGroup section */

/* Begin XCBuildConfiguration section */
		6B25B52E240F81F6008B6AB1 /* Debug */ = {
			isa = XCBuildConfiguration;
			buildSettings = {
				ALWAYS_SEARCH_USER_PATHS = NO;
				CLANG_ANALYZER_NONNULL = YES;
				CLANG_ANALYZER_NUMBER_OBJECT_CONVERSION = YES_AGGRESSIVE;
				CLANG_CXX_LANGUAGE_STANDARD = "gnu++14";
				CLANG_CXX_LIBRARY = "libc++";
				CLANG_ENABLE_MODULES = YES;
				CLANG_ENABLE_OBJC_ARC = YES;
				CLANG_ENABLE_OBJC_WEAK = YES;
				CLANG_WARN_BLOCK_CAPTURE_AUTORELEASING = YES;
				CLANG_WARN_BOOL_CONVERSION = YES;
				CLANG_WARN_COMMA = YES;
				CLANG_WARN_CONSTANT_CONVERSION = YES;
				CLANG_WARN_DEPRECATED_OBJC_IMPLEMENTATIONS = YES;
				CLANG_WARN_DIRECT_OBJC_ISA_USAGE = YES_ERROR;
				CLANG_WARN_DOCUMENTATION_COMMENTS = YES;
				CLANG_WARN_EMPTY_BODY = YES;
				CLANG_WARN_ENUM_CONVERSION = YES;
				CLANG_WARN_INFINITE_RECURSION = YES;
				CLANG_WARN_INT_CONVERSION = YES;
				CLANG_WARN_NON_LITERAL_NULL_CONVERSION = YES;
				CLANG_WARN_OBJC_IMPLICIT_RETAIN_SELF = YES;
				CLANG_WARN_OBJC_LITERAL_CONVERSION = YES;
				CLANG_WARN_OBJC_ROOT_CLASS = YES_ERROR;
				CLANG_WARN_RANGE_LOOP_ANALYSIS = YES;
				CLANG_WARN_STRICT_PROTOTYPES = YES;
				CLANG_WARN_SUSPICIOUS_MOVE = YES;
				CLANG_WARN_UNGUARDED_AVAILABILITY = YES_AGGRESSIVE;
				CLANG_WARN_UNREACHABLE_CODE = YES;
				CLANG_WARN__DUPLICATE_METHOD_MATCH = YES;
				COPY_PHASE_STRIP = NO;
				DEBUG_INFORMATION_FORMAT = dwarf;
				ENABLE_STRICT_OBJC_MSGSEND = YES;
				ENABLE_TESTABILITY = YES;
				GCC_C_LANGUAGE_STANDARD = gnu11;
				GCC_DYNAMIC_NO_PIC = NO;
				GCC_NO_COMMON_BLOCKS = YES;
				GCC_OPTIMIZATION_LEVEL = 0;
				GCC_PREPROCESSOR_DEFINITIONS = (
					"DEBUG=1",
					"$(inherited)",
				);
				GCC_WARN_64_TO_32_BIT_CONVERSION = YES;
				GCC_WARN_ABOUT_RETURN_TYPE = YES_ERROR;
				GCC_WARN_UNDECLARED_SELECTOR = YES;
				GCC_WARN_UNINITIALIZED_AUTOS = YES_AGGRESSIVE;
				GCC_WARN_UNUSED_FUNCTION = YES;
				GCC_WARN_UNUSED_VARIABLE = YES;
				IPHONEOS_DEPLOYMENT_TARGET = 13.2;
				MTL_ENABLE_DEBUG_INFO = INCLUDE_SOURCE;
				MTL_FAST_MATH = YES;
				ONLY_ACTIVE_ARCH = YES;
				SDKROOT = iphoneos;
				SWIFT_ACTIVE_COMPILATION_CONDITIONS = DEBUG;
				SWIFT_OPTIMIZATION_LEVEL = "-Onone";
			};
			name = Debug;
		};
		6B25B52F240F81F6008B6AB1 /* Release */ = {
			isa = XCBuildConfiguration;
			buildSettings = {
				ALWAYS_SEARCH_USER_PATHS = NO;
				CLANG_ANALYZER_NONNULL = YES;
				CLANG_ANALYZER_NUMBER_OBJECT_CONVERSION = YES_AGGRESSIVE;
				CLANG_CXX_LANGUAGE_STANDARD = "gnu++14";
				CLANG_CXX_LIBRARY = "libc++";
				CLANG_ENABLE_MODULES = YES;
				CLANG_ENABLE_OBJC_ARC = YES;
				CLANG_ENABLE_OBJC_WEAK = YES;
				CLANG_WARN_BLOCK_CAPTURE_AUTORELEASING = YES;
				CLANG_WARN_BOOL_CONVERSION = YES;
				CLANG_WARN_COMMA = YES;
				CLANG_WARN_CONSTANT_CONVERSION = YES;
				CLANG_WARN_DEPRECATED_OBJC_IMPLEMENTATIONS = YES;
				CLANG_WARN_DIRECT_OBJC_ISA_USAGE = YES_ERROR;
				CLANG_WARN_DOCUMENTATION_COMMENTS = YES;
				CLANG_WARN_EMPTY_BODY = YES;
				CLANG_WARN_ENUM_CONVERSION = YES;
				CLANG_WARN_INFINITE_RECURSION = YES;
				CLANG_WARN_INT_CONVERSION = YES;
				CLANG_WARN_NON_LITERAL_NULL_CONVERSION = YES;
				CLANG_WARN_OBJC_IMPLICIT_RETAIN_SELF = YES;
				CLANG_WARN_OBJC_LITERAL_CONVERSION = YES;
				CLANG_WARN_OBJC_ROOT_CLASS = YES_ERROR;
				CLANG_WARN_RANGE_LOOP_ANALYSIS = YES;
				CLANG_WARN_STRICT_PROTOTYPES = YES;
				CLANG_WARN_SUSPICIOUS_MOVE = YES;
				CLANG_WARN_UNGUARDED_AVAILABILITY = YES_AGGRESSIVE;
				CLANG_WARN_UNREACHABLE_CODE = YES;
				CLANG_WARN__DUPLICATE_METHOD_MATCH = YES;
				COPY_PHASE_STRIP = NO;
				DEBUG_INFORMATION_FORMAT = "dwarf-with-dsym";
				ENABLE_NS_ASSERTIONS = NO;
				ENABLE_STRICT_OBJC_MSGSEND = YES;
				GCC_C_LANGUAGE_STANDARD = gnu11;
				GCC_NO_COMMON_BLOCKS = YES;
				GCC_WARN_64_TO_32_BIT_CONVERSION = YES;
				GCC_WARN_ABOUT_RETURN_TYPE = YES_ERROR;
				GCC_WARN_UNDECLARED_SELECTOR = YES;
				GCC_WARN_UNINITIALIZED_AUTOS = YES_AGGRESSIVE;
				GCC_WARN_UNUSED_FUNCTION = YES;
				GCC_WARN_UNUSED_VARIABLE = YES;
				IPHONEOS_DEPLOYMENT_TARGET = 13.2;
				MTL_ENABLE_DEBUG_INFO = NO;
				MTL_FAST_MATH = YES;
				SDKROOT = iphoneos;
				SWIFT_COMPILATION_MODE = wholemodule;
				SWIFT_OPTIMIZATION_LEVEL = "-O";
				VALIDATE_PRODUCT = YES;
			};
			name = Release;
		};
		6B25B531240F81F6008B6AB1 /* Debug */ = {
			isa = XCBuildConfiguration;
			buildSettings = {
				ASSETCATALOG_COMPILER_APPICON_NAME = AppIcon;
				CODE_SIGN_STYLE = Automatic;
				INFOPLIST_FILE = "Chat APP_AutoLayout/Info.plist";
				LD_RUNPATH_SEARCH_PATHS = (
					"$(inherited)",
					"@executable_path/Frameworks",
				);
				PRODUCT_BUNDLE_IDENTIFIER = "pkh.Chat-APP-AutoLayout";
				PRODUCT_NAME = "$(TARGET_NAME)";
				SWIFT_VERSION = 5.0;
				TARGETED_DEVICE_FAMILY = "1,2";
			};
			name = Debug;
		};
		6B25B532240F81F6008B6AB1 /* Release */ = {
			isa = XCBuildConfiguration;
			buildSettings = {
				ASSETCATALOG_COMPILER_APPICON_NAME = AppIcon;
				CODE_SIGN_STYLE = Automatic;
				INFOPLIST_FILE = "Chat APP_AutoLayout/Info.plist";
				LD_RUNPATH_SEARCH_PATHS = (
					"$(inherited)",
					"@executable_path/Frameworks",
				);
				PRODUCT_BUNDLE_IDENTIFIER = "pkh.Chat-APP-AutoLayout";
				PRODUCT_NAME = "$(TARGET_NAME)";
				SWIFT_VERSION = 5.0;
				TARGETED_DEVICE_FAMILY = "1,2";
			};
			name = Release;
		};
/* End XCBuildConfiguration section */

/* Begin XCConfigurationList section */
		6B25B514240F81F4008B6AB1 /* Build configuration list for PBXProject "Chat APP_AutoLayout" */ = {
			isa = XCConfigurationList;
			buildConfigurations = (
				6B25B52E240F81F6008B6AB1 /* Debug */,
				6B25B52F240F81F6008B6AB1 /* Release */,
			);
			defaultConfigurationIsVisible = 0;
			defaultConfigurationName = Release;
		};
		6B25B530240F81F6008B6AB1 /* Build configuration list for PBXNativeTarget "Chat APP_AutoLayout" */ = {
			isa = XCConfigurationList;
			buildConfigurations = (
				6B25B531240F81F6008B6AB1 /* Debug */,
				6B25B532240F81F6008B6AB1 /* Release */,
			);
			defaultConfigurationIsVisible = 0;
			defaultConfigurationName = Release;
		};
/* End XCConfigurationList section */

/* Begin XCVersionGroup section */
		6B25B525240F81F4008B6AB1 /* Chat_APP_AutoLayout.xcdatamodeld */ = {
			isa = XCVersionGroup;
			children = (
				6B25B526240F81F4008B6AB1 /* Chat_APP_AutoLayout.xcdatamodel */,
			);
			currentVersion = 6B25B526240F81F4008B6AB1 /* Chat_APP_AutoLayout.xcdatamodel */;
			path = Chat_APP_AutoLayout.xcdatamodeld;
			sourceTree = "<group>";
			versionGroupType = wrapper.xcdatamodel;
		};
/* End XCVersionGroup section */
	};
	rootObject = 6B25B511240F81F4008B6AB1 /* Project object */;
}
